
Microsoft Visual Studio Solution File, Format Version 12.00
# Visual Studio 15
VisualStudioVersion = 15.0.27703.2026
MinimumVisualStudioVersion = 10.0.40219.1
Project("{FAE04EC0-301F-11D3-BF4B-00C04F79EFBC}") = "WebAspNetCoreApp1", "WebAspNetCoreApp1\WebAspNetCoreApp1.csproj", "{AA128599-D78F-4B46-95A6-18910CD7BD4B}"
EndProject
Global
	GlobalSection(SolutionConfigurationPlatforms) = preSolution
		Debug|Any CPU = Debug|Any CPU
		Release|Any CPU = Release|Any CPU
	EndGlobalSection
	GlobalSection(ProjectConfigurationPlatforms) = postSolution
		{AA128599-D78F-4B46-95A6-18910CD7BD4B}.Debug|Any CPU.ActiveCfg = Debug|Any CPU
		{AA128599-D78F-4B46-95A6-18910CD7BD4B}.Debug|Any CPU.Build.0 = Debug|Any CPU
		{AA128599-D78F-4B46-95A6-18910CD7BD4B}.Release|Any CPU.ActiveCfg = Release|Any CPU
		{AA128599-D78F-4B46-95A6-18910CD7BD4B}.Release|Any CPU.Build.0 = Release|Any CPU
	EndGlobalSection
	GlobalSection(SolutionProperties) = preSolution
		HideSolutionNode = FALSE
	EndGlobalSection
	GlobalSection(ExtensibilityGlobals) = postSolution
		SolutionGuid = {3BE3792F-57DB-413E-BD0A-39899CA2F636}
	EndGlobalSection
EndGlobal
